// !$*UTF8*$!
{
	archiveVersion = 1;
	classes = {
	};
	objectVersion = 56;
	objects = {

/* Begin PBXBuildFile section */
		AA2D506C2BB329C4006C8D7E /* Issue196App.swift in Sources */ = {isa = PBXBuildFile; fileRef = AA2D506B2BB329C4006C8D7E /* Issue196App.swift */; };
		AA2D50702BB329C6006C8D7E /* Assets.xcassets in Resources */ = {isa = PBXBuildFile; fileRef = AA2D506F2BB329C6006C8D7E /* Assets.xcassets */; };
		AA2D50732BB329C6006C8D7E /* Preview Assets.xcassets in Resources */ = {isa = PBXBuildFile; fileRef = AA2D50722BB329C6006C8D7E /* Preview Assets.xcassets */; };
		AA2D507A2BB32A16006C8D7E /* MarkupWKWebView+Extensions.swift in Sources */ = {isa = PBXBuildFile; fileRef = AA2D50792BB32A16006C8D7E /* MarkupWKWebView+Extensions.swift */; };
		AA2D507E2BB32C15006C8D7E /* PhotoPickerDemo.swift in Sources */ = {isa = PBXBuildFile; fileRef = AA2D507D2BB32C15006C8D7E /* PhotoPickerDemo.swift */; };
		AA2D50802BB32C78006C8D7E /* PhotoPickerDelegate.swift in Sources */ = {isa = PBXBuildFile; fileRef = AA2D507F2BB32C78006C8D7E /* PhotoPickerDelegate.swift */; };
		AA2D50822BB32CAA006C8D7E /* PhotoPickerToolbar.swift in Sources */ = {isa = PBXBuildFile; fileRef = AA2D50812BB32CAA006C8D7E /* PhotoPickerToolbar.swift */; };
		AA2D50842BB32D20006C8D7E /* TextView.swift in Sources */ = {isa = PBXBuildFile; fileRef = AA2D50832BB32D20006C8D7E /* TextView.swift */; };
/* End PBXBuildFile section */

/* Begin PBXFileReference section */
		AA2D50682BB329C4006C8D7E /* Issue196.app */ = {isa = PBXFileReference; explicitFileType = wrapper.application; includeInIndex = 0; path = Issue196.app; sourceTree = BUILT_PRODUCTS_DIR; };
		AA2D506B2BB329C4006C8D7E /* Issue196App.swift */ = {isa = PBXFileReference; lastKnownFileType = sourcecode.swift; path = Issue196App.swift; sourceTree = "<group>"; };
		AA2D506F2BB329C6006C8D7E /* Assets.xcassets */ = {isa = PBXFileReference; lastKnownFileType = folder.assetcatalog; path = Assets.xcassets; sourceTree = "<group>"; };
		AA2D50722BB329C6006C8D7E /* Preview Assets.xcassets */ = {isa = PBXFileReference; lastKnownFileType = folder.assetcatalog; path = "Preview Assets.xcassets"; sourceTree = "<group>"; };
		AA2D50792BB32A16006C8D7E /* MarkupWKWebView+Extensions.swift */ = {isa = PBXFileReference; lastKnownFileType = sourcecode.swift; path = "MarkupWKWebView+Extensions.swift"; sourceTree = "<group>"; };
		AA2D507C2BB32A84006C8D7E /* Issue196.entitlements */ = {isa = PBXFileReference; lastKnownFileType = text.plist.entitlements; path = Issue196.entitlements; sourceTree = "<group>"; };
		AA2D507D2BB32C15006C8D7E /* PhotoPickerDemo.swift */ = {isa = PBXFileReference; lastKnownFileType = sourcecode.swift; path = PhotoPickerDemo.swift; sourceTree = "<group>"; };
		AA2D507F2BB32C78006C8D7E /* PhotoPickerDelegate.swift */ = {isa = PBXFileReference; lastKnownFileType = sourcecode.swift; path = PhotoPickerDelegate.swift; sourceTree = "<group>"; };
		AA2D50812BB32CAA006C8D7E /* PhotoPickerToolbar.swift */ = {isa = PBXFileReference; lastKnownFileType = sourcecode.swift; path = PhotoPickerToolbar.swift; sourceTree = "<group>"; };
		AA2D50832BB32D20006C8D7E /* TextView.swift */ = {isa = PBXFileReference; lastKnownFileType = sourcecode.swift; path = TextView.swift; sourceTree = "<group>"; };
/* End PBXFileReference section */

/* Begin PBXFrameworksBuildPhase section */
		AA2D50652BB329C4006C8D7E /* Frameworks */ = {
			isa = PBXFrameworksBuildPhase;
			buildActionMask = 2147483647;
			files = (
			);
			runOnlyForDeploymentPostprocessing = 0;
		};
/* End PBXFrameworksBuildPhase section */

/* Begin PBXGroup section */
		AA2D505F2BB329C4006C8D7E = {
			isa = PBXGroup;
			children = (
				AA2D506A2BB329C4006C8D7E /* Issue196 */,
				AA2D50692BB329C4006C8D7E /* Products */,
			);
			sourceTree = "<group>";
		};
		AA2D50692BB329C4006C8D7E /* Products */ = {
			isa = PBXGroup;
			children = (
				AA2D50682BB329C4006C8D7E /* Issue196.app */,
			);
			name = Products;
			sourceTree = "<group>";
		};
		AA2D506A2BB329C4006C8D7E /* Issue196 */ = {
			isa = PBXGroup;
			children = (
				AA2D507C2BB32A84006C8D7E /* Issue196.entitlements */,
				AA2D506B2BB329C4006C8D7E /* Issue196App.swift */,
				AA2D50792BB32A16006C8D7E /* MarkupWKWebView+Extensions.swift */,
				AA2D507D2BB32C15006C8D7E /* PhotoPickerDemo.swift */,
				AA2D507F2BB32C78006C8D7E /* PhotoPickerDelegate.swift */,
				AA2D50812BB32CAA006C8D7E /* PhotoPickerToolbar.swift */,
				AA2D50832BB32D20006C8D7E /* TextView.swift */,
				AA2D506F2BB329C6006C8D7E /* Assets.xcassets */,
				AA2D50712BB329C6006C8D7E /* Preview Content */,
			);
			path = Issue196;
			sourceTree = "<group>";
		};
		AA2D50712BB329C6006C8D7E /* Preview Content */ = {
			isa = PBXGroup;
			children = (
				AA2D50722BB329C6006C8D7E /* Preview Assets.xcassets */,
			);
			path = "Preview Content";
			sourceTree = "<group>";
		};
/* End PBXGroup section */

/* Begin PBXNativeTarget section */
		AA2D50672BB329C4006C8D7E /* Issue196 */ = {
			isa = PBXNativeTarget;
			buildConfigurationList = AA2D50762BB329C6006C8D7E /* Build configuration list for PBXNativeTarget "Issue196" */;
			buildPhases = (
				AA2D50642BB329C4006C8D7E /* Sources */,
				AA2D50652BB329C4006C8D7E /* Frameworks */,
				AA2D50662BB329C4006C8D7E /* Resources */,
			);
			buildRules = (
			);
			dependencies = (
			);
			name = Issue196;
			productName = Issue196;
			productReference = AA2D50682BB329C4006C8D7E /* Issue196.app */;
			productType = "com.apple.product-type.application";
		};
/* End PBXNativeTarget section */

/* Begin PBXProject section */
		AA2D50602BB329C4006C8D7E /* Project object */ = {
			isa = PBXProject;
			attributes = {
				BuildIndependentTargetsInParallel = 1;
				LastSwiftUpdateCheck = 1530;
				LastUpgradeCheck = 1530;
				TargetAttributes = {
					AA2D50672BB329C4006C8D7E = {
						CreatedOnToolsVersion = 15.3;
					};
				};
			};
			buildConfigurationList = AA2D50632BB329C4006C8D7E /* Build configuration list for PBXProject "Issue196" */;
			compatibilityVersion = "Xcode 14.0";
			developmentRegion = en;
			hasScannedForEncodings = 0;
			knownRegions = (
				en,
				Base,
			);
			mainGroup = AA2D505F2BB329C4006C8D7E;
			packageReferences = (
				AA2D507B2BB32A64006C8D7E /* XCRemoteSwiftPackageReference "MarkupEditor" */,
			);
			productRefGroup = AA2D50692BB329C4006C8D7E /* Products */;
			projectDirPath = "";
			projectRoot = "";
			targets = (
				AA2D50672BB329C4006C8D7E /* Issue196 */,
			);
		};
/* End PBXProject section */

/* Begin PBXResourcesBuildPhase section */
		AA2D50662BB329C4006C8D7E /* Resources */ = {
			isa = PBXResourcesBuildPhase;
			buildActionMask = 2147483647;
			files = (
				AA2D50732BB329C6006C8D7E /* Preview Assets.xcassets in Resources */,
				AA2D50702BB329C6006C8D7E /* Assets.xcassets in Resources */,
			);
			runOnlyForDeploymentPostprocessing = 0;
		};
/* End PBXResourcesBuildPhase section */

/* Begin PBXSourcesBuildPhase section */
		AA2D50642BB329C4006C8D7E /* Sources */ = {
			isa = PBXSourcesBuildPhase;
			buildActionMask = 2147483647;
			files = (
				AA2D50802BB32C78006C8D7E /* PhotoPickerDelegate.swift in Sources */,
				AA2D507E2BB32C15006C8D7E /* PhotoPickerDemo.swift in Sources */,
				AA2D507A2BB32A16006C8D7E /* MarkupWKWebView+Extensions.swift in Sources */,
				AA2D50842BB32D20006C8D7E /* TextView.swift in Sources */,
				AA2D50822BB32CAA006C8D7E /* PhotoPickerToolbar.swift in Sources */,
				AA2D506C2BB329C4006C8D7E /* Issue196App.swift in Sources */,
			);
			runOnlyForDeploymentPostprocessing = 0;
		};
/* End PBXSourcesBuildPhase section */

/* Begin XCBuildConfiguration section */
		AA2D50742BB329C6006C8D7E /* Debug */ = {
			isa = XCBuildConfiguration;
			buildSettings = {
				ALWAYS_SEARCH_USER_PATHS = NO;
				ASSETCATALOG_COMPILER_GENERATE_SWIFT_ASSET_SYMBOL_EXTENSIONS = YES;
				CLANG_ANALYZER_NONNULL = YES;
				CLANG_ANALYZER_NUMBER_OBJECT_CONVERSION = YES_AGGRESSIVE;
				CLANG_CXX_LANGUAGE_STANDARD = "gnu++20";
				CLANG_ENABLE_MODULES = YES;
				CLANG_ENABLE_OBJC_ARC = YES;
				CLANG_ENABLE_OBJC_WEAK = YES;
				CLANG_WARN_BLOCK_CAPTURE_AUTORELEASING = YES;
				CLANG_WARN_BOOL_CONVERSION = YES;
				CLANG_WARN_COMMA = YES;
				CLANG_WARN_CONSTANT_CONVERSION = YES;
				CLANG_WARN_DEPRECATED_OBJC_IMPLEMENTATIONS = YES;
				CLANG_WARN_DIRECT_OBJC_ISA_USAGE = YES_ERROR;
				CLANG_WARN_DOCUMENTATION_COMMENTS = YES;
				CLANG_WARN_EMPTY_BODY = YES;
				CLANG_WARN_ENUM_CONVERSION = YES;
				CLANG_WARN_INFINITE_RECURSION = YES;
				CLANG_WARN_INT_CONVERSION = YES;
				CLANG_WARN_NON_LITERAL_NULL_CONVERSION = YES;
				CLANG_WARN_OBJC_IMPLICIT_RETAIN_SELF = YES;
				CLANG_WARN_OBJC_LITERAL_CONVERSION = YES;
				CLANG_WARN_OBJC_ROOT_CLASS = YES_ERROR;
				CLANG_WARN_QUOTED_INCLUDE_IN_FRAMEWORK_HEADER = YES;
				CLANG_WARN_RANGE_LOOP_ANALYSIS = YES;
				CLANG_WARN_STRICT_PROTOTYPES = YES;
				CLANG_WARN_SUSPICIOUS_MOVE = YES;
				CLANG_WARN_UNGUARDED_AVAILABILITY = YES_AGGRESSIVE;
				CLANG_WARN_UNREACHABLE_CODE = YES;
				CLANG_WARN__DUPLICATE_METHOD_MATCH = YES;
				COPY_PHASE_STRIP = NO;
				DEBUG_INFORMATION_FORMAT = dwarf;
				ENABLE_STRICT_OBJC_MSGSEND = YES;
				ENABLE_TESTABILITY = YES;
				ENABLE_USER_SCRIPT_SANDBOXING = YES;
				GCC_C_LANGUAGE_STANDARD = gnu17;
				GCC_DYNAMIC_NO_PIC = NO;
				GCC_NO_COMMON_BLOCKS = YES;
				GCC_OPTIMIZATION_LEVEL = 0;
				GCC_PREPROCESSOR_DEFINITIONS = (
					"DEBUG=1",
					"$(inherited)",
				);
				GCC_WARN_64_TO_32_BIT_CONVERSION = YES;
				GCC_WARN_ABOUT_RETURN_TYPE = YES_ERROR;
				GCC_WARN_UNDECLARED_SELECTOR = YES;
				GCC_WARN_UNINITIALIZED_AUTOS = YES_AGGRESSIVE;
				GCC_WARN_UNUSED_FUNCTION = YES;
				GCC_WARN_UNUSED_VARIABLE = YES;
				IPHONEOS_DEPLOYMENT_TARGET = 17.4;
				LOCALIZATION_PREFERS_STRING_CATALOGS = YES;
				MTL_ENABLE_DEBUG_INFO = INCLUDE_SOURCE;
				MTL_FAST_MATH = YES;
				ONLY_ACTIVE_ARCH = YES;
				SDKROOT = iphoneos;
				SWIFT_ACTIVE_COMPILATION_CONDITIONS = "DEBUG $(inherited)";
				SWIFT_OPTIMIZATION_LEVEL = "-Onone";
			};
			name = Debug;
		};
		AA2D50752BB329C6006C8D7E /* Release */ = {
			isa = XCBuildConfiguration;
			buildSettings = {
				ALWAYS_SEARCH_USER_PATHS = NO;
				ASSETCATALOG_COMPILER_GENERATE_SWIFT_ASSET_SYMBOL_EXTENSIONS = YES;
				CLANG_ANALYZER_NONNULL = YES;
				CLANG_ANALYZER_NUMBER_OBJECT_CONVERSION = YES_AGGRESSIVE;
				CLANG_CXX_LANGUAGE_STANDARD = "gnu++20";
				CLANG_ENABLE_MODULES = YES;
				CLANG_ENABLE_OBJC_ARC = YES;
				CLANG_ENABLE_OBJC_WEAK = YES;
				CLANG_WARN_BLOCK_CAPTURE_AUTORELEASING = YES;
				CLANG_WARN_BOOL_CONVERSION = YES;
				CLANG_WARN_COMMA = YES;
				CLANG_WARN_CONSTANT_CONVERSION = YES;
				CLANG_WARN_DEPRECATED_OBJC_IMPLEMENTATIONS = YES;
				CLANG_WARN_DIRECT_OBJC_ISA_USAGE = YES_ERROR;
				CLANG_WARN_DOCUMENTATION_COMMENTS = YES;
				CLANG_WARN_EMPTY_BODY = YES;
				CLANG_WARN_ENUM_CONVERSION = YES;
				CLANG_WARN_INFINITE_RECURSION = YES;
				CLANG_WARN_INT_CONVERSION = YES;
				CLANG_WARN_NON_LITERAL_NULL_CONVERSION = YES;
				CLANG_WARN_OBJC_IMPLICIT_RETAIN_SELF = YES;
				CLANG_WARN_OBJC_LITERAL_CONVERSION = YES;
				CLANG_WARN_OBJC_ROOT_CLASS = YES_ERROR;
				CLANG_WARN_QUOTED_INCLUDE_IN_FRAMEWORK_HEADER = YES;
				CLANG_WARN_RANGE_LOOP_ANALYSIS = YES;
				CLANG_WARN_STRICT_PROTOTYPES = YES;
				CLANG_WARN_SUSPICIOUS_MOVE = YES;
				CLANG_WARN_UNGUARDED_AVAILABILITY = YES_AGGRESSIVE;
				CLANG_WARN_UNREACHABLE_CODE = YES;
				CLANG_WARN__DUPLICATE_METHOD_MATCH = YES;
				COPY_PHASE_STRIP = NO;
				DEBUG_INFORMATION_FORMAT = "dwarf-with-dsym";
				ENABLE_NS_ASSERTIONS = NO;
				ENABLE_STRICT_OBJC_MSGSEND = YES;
				ENABLE_USER_SCRIPT_SANDBOXING = YES;
				GCC_C_LANGUAGE_STANDARD = gnu17;
				GCC_NO_COMMON_BLOCKS = YES;
				GCC_WARN_64_TO_32_BIT_CONVERSION = YES;
				GCC_WARN_ABOUT_RETURN_TYPE = YES_ERROR;
				GCC_WARN_UNDECLARED_SELECTOR = YES;
				GCC_WARN_UNINITIALIZED_AUTOS = YES_AGGRESSIVE;
				GCC_WARN_UNUSED_FUNCTION = YES;
				GCC_WARN_UNUSED_VARIABLE = YES;
				IPHONEOS_DEPLOYMENT_TARGET = 17.4;
				LOCALIZATION_PREFERS_STRING_CATALOGS = YES;
				MTL_ENABLE_DEBUG_INFO = NO;
				MTL_FAST_MATH = YES;
				SDKROOT = iphoneos;
				SWIFT_COMPILATION_MODE = wholemodule;
				VALIDATE_PRODUCT = YES;
			};
			name = Release;
		};
		AA2D50772BB329C6006C8D7E /* Debug */ = {
			isa = XCBuildConfiguration;
			buildSettings = {
				ASSETCATALOG_COMPILER_APPICON_NAME = AppIcon;
				ASSETCATALOG_COMPILER_GLOBAL_ACCENT_COLOR_NAME = AccentColor;
				CODE_SIGN_ENTITLEMENTS = Issue196/Issue196.entitlements;
				CODE_SIGN_STYLE = Automatic;
				CURRENT_PROJECT_VERSION = 1;
				DEVELOPMENT_ASSET_PATHS = "\"Issue196/Preview Content\"";
				DEVELOPMENT_TEAM = 7XXG4VJQ59;
				ENABLE_PREVIEWS = YES;
				GENERATE_INFOPLIST_FILE = YES;
				INFOPLIST_KEY_UIApplicationSceneManifest_Generation = YES;
				INFOPLIST_KEY_UIApplicationSupportsIndirectInputEvents = YES;
				INFOPLIST_KEY_UILaunchScreen_Generation = YES;
				INFOPLIST_KEY_UISupportedInterfaceOrientations_iPad = "UIInterfaceOrientationPortrait UIInterfaceOrientationPortraitUpsideDown UIInterfaceOrientationLandscapeLeft UIInterfaceOrientationLandscapeRight";
				INFOPLIST_KEY_UISupportedInterfaceOrientations_iPhone = "UIInterfaceOrientationPortrait UIInterfaceOrientationLandscapeLeft UIInterfaceOrientationLandscapeRight";
				IPHONEOS_DEPLOYMENT_TARGET = 16.6;
				LD_RUNPATH_SEARCH_PATHS = (
					"$(inherited)",
					"@executable_path/Frameworks",
				);
				MARKETING_VERSION = 1.0;
				PRODUCT_BUNDLE_IDENTIFIER = com.stevengharris.Issue196;
				PRODUCT_NAME = "$(TARGET_NAME)";
				SUPPORTED_PLATFORMS = "iphoneos iphonesimulator";
				SUPPORTS_MACCATALYST = YES;
				SUPPORTS_MAC_DESIGNED_FOR_IPHONE_IPAD = NO;
				SUPPORTS_XR_DESIGNED_FOR_IPHONE_IPAD = NO;
				SWIFT_EMIT_LOC_STRINGS = YES;
				SWIFT_VERSION = 5.0;
				TARGETED_DEVICE_FAMILY = "1,2,6";
			};
			name = Debug;
		};
		AA2D50782BB329C6006C8D7E /* Release */ = {
			isa = XCBuildConfiguration;
			buildSettings = {
				ASSETCATALOG_COMPILER_APPICON_NAME = AppIcon;
				ASSETCATALOG_COMPILER_GLOBAL_ACCENT_COLOR_NAME = AccentColor;
				CODE_SIGN_ENTITLEMENTS = Issue196/Issue196.entitlements;
				CODE_SIGN_STYLE = Automatic;
				CURRENT_PROJECT_VERSION = 1;
				DEVELOPMENT_ASSET_PATHS = "\"Issue196/Preview Content\"";
				DEVELOPMENT_TEAM = 7XXG4VJQ59;
				ENABLE_PREVIEWS = YES;
				GENERATE_INFOPLIST_FILE = YES;
				INFOPLIST_KEY_UIApplicationSceneManifest_Generation = YES;
				INFOPLIST_KEY_UIApplicationSupportsIndirectInputEvents = YES;
				INFOPLIST_KEY_UILaunchScreen_Generation = YES;
				INFOPLIST_KEY_UISupportedInterfaceOrientations_iPad = "UIInterfaceOrientationPortrait UIInterfaceOrientationPortraitUpsideDown UIInterfaceOrientationLandscapeLeft UIInterfaceOrientationLandscapeRight";
				INFOPLIST_KEY_UISupportedInterfaceOrientations_iPhone = "UIInterfaceOrientationPortrait UIInterfaceOrientationLandscapeLeft UIInterfaceOrientationLandscapeRight";
				IPHONEOS_DEPLOYMENT_TARGET = 16.6;
				LD_RUNPATH_SEARCH_PATHS = (
					"$(inherited)",
					"@executable_path/Frameworks",
				);
				MARKETING_VERSION = 1.0;
				PRODUCT_BUNDLE_IDENTIFIER = com.stevengharris.Issue196;
				PRODUCT_NAME = "$(TARGET_NAME)";
				SUPPORTED_PLATFORMS = "iphoneos iphonesimulator";
				SUPPORTS_MACCATALYST = YES;
				SUPPORTS_MAC_DESIGNED_FOR_IPHONE_IPAD = NO;
				SUPPORTS_XR_DESIGNED_FOR_IPHONE_IPAD = NO;
				SWIFT_EMIT_LOC_STRINGS = YES;
				SWIFT_VERSION = 5.0;
				TARGETED_DEVICE_FAMILY = "1,2,6";
			};
			name = Release;
		};
/* End XCBuildConfiguration section */

/* Begin XCConfigurationList section */
		AA2D50632BB329C4006C8D7E /* Build configuration list for PBXProject "Issue196" */ = {
			isa = XCConfigurationList;
			buildConfigurations = (
				AA2D50742BB329C6006C8D7E /* Debug */,
				AA2D50752BB329C6006C8D7E /* Release */,
			);
			defaultConfigurationIsVisible = 0;
			defaultConfigurationName = Release;
		};
		AA2D50762BB329C6006C8D7E /* Build configuration list for PBXNativeTarget "Issue196" */ = {
			isa = XCConfigurationList;
			buildConfigurations = (
				AA2D50772BB329C6006C8D7E /* Debug */,
				AA2D50782BB329C6006C8D7E /* Release */,
			);
			defaultConfigurationIsVisible = 0;
			defaultConfigurationName = Release;
		};
/* End XCConfigurationList section */

/* Begin XCRemoteSwiftPackageReference section */
		AA2D507B2BB32A64006C8D7E /* XCRemoteSwiftPackageReference "MarkupEditor" */ = {
			isa = XCRemoteSwiftPackageReference;
			repositoryURL = "https://github.com/stevengharris/MarkupEditor.git";
			requirement = {
				kind = upToNextMajorVersion;
				minimumVersion = 0.7.0;
			};
		};
/* End XCRemoteSwiftPackageReference section */
	};
	rootObject = AA2D50602BB329C4006C8D7E /* Project object */;
}
